# THIS IS AN AUTOGENERATED FILE. DO NOT EDIT THIS FILE DIRECTLY.
# yarn lockfile v1


argv-tools@^0.1.1:
  version "0.1.1"
  resolved "https://registry.yarnpkg.com/argv-tools/-/argv-tools-0.1.1.tgz#588283f3393ada47141440b12981cd41bf6b7032"
  dependencies:
    array-back "^2.0.0"
    find-replace "^2.0.1"

array-back@^2.0.0:
  version "2.0.0"
  resolved "https://registry.yarnpkg.com/array-back/-/array-back-2.0.0.tgz#6877471d51ecc9c9bfa6136fb6c7d5fe69748022"
  dependencies:
    typical "^2.6.1"

bson@~1.0.4:
  version "1.0.9"
  resolved "https://registry.yarnpkg.com/bson/-/bson-1.0.9.tgz#12319f8323b1254739b7c6bef8d3e89ae05a2f57"

command-line-args@^5.0.2:
  version "5.0.2"
  resolved "https://registry.yarnpkg.com/command-line-args/-/command-line-args-5.0.2.tgz#c4e56b016636af1323cf485aa25c3cb203dfbbe4"
  dependencies:
    argv-tools "^0.1.1"
    array-back "^2.0.0"
    find-replace "^2.0.1"
    lodash.camelcase "^4.3.0"
    typical "^2.6.1"

csv-generate@^2.0.2:
  version "2.1.0"
  resolved "https://registry.yarnpkg.com/csv-generate/-/csv-generate-2.1.0.tgz#ba4bea4aa06858eae78fe16a403ef20e7cde6374"

csv-parse@^2.4.0:
  version "2.5.0"
  resolved "https://registry.yarnpkg.com/csv-parse/-/csv-parse-2.5.0.tgz#65748997ecc3719c594622db1b9ea0e2eb7d56bb"

csv-stringify@^3.0.0:
  version "3.1.1"
  resolved "https://registry.yarnpkg.com/csv-stringify/-/csv-stringify-3.1.1.tgz#3a4e180a84f9c45a6a0a0401c1b41b315b9131f0"
  dependencies:
    lodash.get "~4.4.2"

csv@^3.1.0:
  version "3.1.0"
  resolved "https://registry.yarnpkg.com/csv/-/csv-3.1.0.tgz#91ad8625e294bf37a5b366b84d01aa40b2d20f15"
  dependencies:
    csv-generate "^2.0.2"
    csv-parse "^2.4.0"
    csv-stringify "^3.0.0"
    stream-transform "^1.0.2"

find-replace@^2.0.1:
  version "2.0.1"
  resolved "https://registry.yarnpkg.com/find-replace/-/find-replace-2.0.1.tgz#6d9683a7ca20f8f9aabeabad07e4e2580f528550"
  dependencies:
    array-back "^2.0.0"
    test-value "^3.0.0"

lodash.camelcase@^4.3.0:
  version "4.3.0"
  resolved "https://registry.yarnpkg.com/lodash.camelcase/-/lodash.camelcase-4.3.0.tgz#b28aa6288a2b9fc651035c7711f65ab6190331a6"

lodash.get@~4.4.2:
  version "4.4.2"
  resolved "https://registry.yarnpkg.com/lodash.get/-/lodash.get-4.4.2.tgz#2d177f652fa31e939b4438d5341499dfa3825e99"

lodash@^4.17.21:
  version "4.17.21"
  resolved "https://registry.yarnpkg.com/lodash/-/lodash-4.17.21.tgz#679591c564c3bffaae8454cf0b3df370c3d6911c"
  integrity sha512-v2kDEe57lecTulaDIuNTPy3Ry4gLGJ6Z1O3vE1krgXZNrsQ+LFTGHVxVjcXPs17LhbZVGedAJv8XZ1tvj5FvSg==

mongodb-core@3.0.9:
  version "3.0.9"
  resolved "https://registry.yarnpkg.com/mongodb-core/-/mongodb-core-3.0.9.tgz#8327410c88811013fb3e4ac7c4c670f324349be1"
  dependencies:
    bson "~1.0.4"
    require_optional "^1.0.1"

mongodb@^3.0.10:
  version "3.0.10"
  resolved "https://registry.yarnpkg.com/mongodb/-/mongodb-3.0.10.tgz#f948cb9595adcbfcad7444f6b24a040b653b23e8"
  dependencies:
    mongodb-core "3.0.9"

parse-mongo-url@^1.1.1:
  version "1.1.1"
  resolved "https://registry.yarnpkg.com/parse-mongo-url/-/parse-mongo-url-1.1.1.tgz#66238df5f8e7c0c8ca4cd970d4ab6a1373eb75b5"

require_optional@^1.0.1:
  version "1.0.1"
  resolved "https://registry.yarnpkg.com/require_optional/-/require_optional-1.0.1.tgz#4cf35a4247f64ca3df8c2ef208cc494b1ca8fc2e"
  dependencies:
    resolve-from "^2.0.0"
    semver "^5.1.0"

resolve-from@^2.0.0:
  version "2.0.0"
  resolved "https://registry.yarnpkg.com/resolve-from/-/resolve-from-2.0.0.tgz#9480ab20e94ffa1d9e80a804c7ea147611966b57"

semver@^5.1.0:
  version "5.5.0"
  resolved "https://registry.yarnpkg.com/semver/-/semver-5.5.0.tgz#dc4bbc7a6ca9d916dee5d43516f0092b58f7b8ab"

stream-transform@^1.0.2:
  version "1.0.2"
  resolved "https://registry.yarnpkg.com/stream-transform/-/stream-transform-1.0.2.tgz#47de4d15fbc29b7e2a7e54d25e99538876f114c1"

test-value@^3.0.0:
  version "3.0.0"
  resolved "https://registry.yarnpkg.com/test-value/-/test-value-3.0.0.tgz#9168c062fab11a86b8d444dd968bb4b73851ce92"
  dependencies:
    array-back "^2.0.0"
    typical "^2.6.1"

typical@^2.6.1:
  version "2.6.1"
  resolved "https://registry.yarnpkg.com/typical/-/typical-2.6.1.tgz#5c080e5d661cbbe38259d2e70a3c7253e873881d"
